
Microsoft Visual Studio Solution File, Format Version 12.00
# Visual Studio 14
VisualStudioVersion = 14.0.25420.1
MinimumVisualStudioVersion = 10.0.40219.1
Project("{FAE04EC0-301F-11D3-BF4B-00C04F79EFBC}") = "YingShiDa", "YingShiDa\YingShiDa.csproj", "{CCE89FA2-BA73-44F6-9BA1-9EFEC589C32E}"
EndProject
Project("{2150E333-8FDC-42A3-9474-1A3956D46DE8}") = "ModelData", "ModelData", "{20DD73A4-D58D-4BB0-9A62-6C7759FA03B2}"
EndProject
Project("{2150E333-8FDC-42A3-9474-1A3956D46DE8}") = "UnityTools", "UnityTools", "{491199E5-5D60-495F-8222-B195C26ACBD9}"
EndProject
Project("{FAE04EC0-301F-11D3-BF4B-00C04F79EFBC}") = "RuleUtility", "RuleUtility\RuleUtility.csproj", "{EF3C90BA-31B1-459B-8F11-882AF2E430C6}"
EndProject
Project("{FAE04EC0-301F-11D3-BF4B-00C04F79EFBC}") = "DBOperation", "DBOperation\DBOperation.csproj", "{81673463-F5AD-4010-9D7F-A1F407EBF29C}"
EndProject
Project("{FAE04EC0-301F-11D3-BF4B-00C04F79EFBC}") = "DataConveter", "DataConveter\DataConveter.csproj", "{C52F7827-BC99-4DAB-A238-AAE5D00CAE07}"
EndProject
Project("{FAE04EC0-301F-11D3-BF4B-00C04F79EFBC}") = "LogTool", "LogTool\LogTool.csproj", "{76065571-299E-4D64-9B5E-E1A9FC5E1550}"
EndProject
Project("{FAE04EC0-301F-11D3-BF4B-00C04F79EFBC}") = "Model", "Model\Model.csproj", "{219BBE04-4997-4307-8AE9-0FC3390064B3}"
EndProject
Project("{2150E333-8FDC-42A3-9474-1A3956D46DE8}") = "Interface", "Interface", "{0C9BAD2D-440E-4779-801B-E741E109B5B0}"
EndProject
Project("{FAE04EC0-301F-11D3-BF4B-00C04F79EFBC}") = "Method", "Method\Method.csproj", "{08BA83F6-91BB-419C-A2F7-D7B1146495D2}"
EndProject
Project("{FAE04EC0-301F-11D3-BF4B-00C04F79EFBC}") = "PlatformManagment", "PlatformManagment\PlatformManagment.csproj", "{FEAD4B05-FB08-4D1A-B2BF-309D2D1D3B30}"
EndProject
Project("{FAE04EC0-301F-11D3-BF4B-00C04F79EFBC}") = "DBUtility", "DBUtility\DBUtility.csproj", "{83DCA121-26D9-4954-B1BC-72C05A148B11}"
EndProject
Project("{FAE04EC0-301F-11D3-BF4B-00C04F79EFBC}") = "Common", "Common\Common.csproj", "{DC12ACB9-78AB-4759-B5E9-4B8BDFB8A8B5}"
EndProject
Project("{FAE04EC0-301F-11D3-BF4B-00C04F79EFBC}") = "DAL", "DAL\DAL.csproj", "{49404220-D5E3-487B-B428-4DC776D13DA1}"
EndProject
Global
	GlobalSection(SolutionConfigurationPlatforms) = preSolution
		Debug|Any CPU = Debug|Any CPU
		Release|Any CPU = Release|Any CPU
	EndGlobalSection
	GlobalSection(ProjectConfigurationPlatforms) = postSolution
		{CCE89FA2-BA73-44F6-9BA1-9EFEC589C32E}.Debug|Any CPU.ActiveCfg = Debug|Any CPU
		{CCE89FA2-BA73-44F6-9BA1-9EFEC589C32E}.Debug|Any CPU.Build.0 = Debug|Any CPU
		{CCE89FA2-BA73-44F6-9BA1-9EFEC589C32E}.Release|Any CPU.ActiveCfg = Release|Any CPU
		{CCE89FA2-BA73-44F6-9BA1-9EFEC589C32E}.Release|Any CPU.Build.0 = Release|Any CPU
		{EF3C90BA-31B1-459B-8F11-882AF2E430C6}.Debug|Any CPU.ActiveCfg = Debug|Any CPU
		{EF3C90BA-31B1-459B-8F11-882AF2E430C6}.Debug|Any CPU.Build.0 = Debug|Any CPU
		{EF3C90BA-31B1-459B-8F11-882AF2E430C6}.Release|Any CPU.ActiveCfg = Release|Any CPU
		{EF3C90BA-31B1-459B-8F11-882AF2E430C6}.Release|Any CPU.Build.0 = Release|Any CPU
		{81673463-F5AD-4010-9D7F-A1F407EBF29C}.Debug|Any CPU.ActiveCfg = Debug|Any CPU
		{81673463-F5AD-4010-9D7F-A1F407EBF29C}.Debug|Any CPU.Build.0 = Debug|Any CPU
		{81673463-F5AD-4010-9D7F-A1F407EBF29C}.Release|Any CPU.ActiveCfg = Release|Any CPU
		{81673463-F5AD-4010-9D7F-A1F407EBF29C}.Release|Any CPU.Build.0 = Release|Any CPU
		{C52F7827-BC99-4DAB-A238-AAE5D00CAE07}.Debug|Any CPU.ActiveCfg = Debug|Any CPU
		{C52F7827-BC99-4DAB-A238-AAE5D00CAE07}.Debug|Any CPU.Build.0 = Debug|Any CPU
		{C52F7827-BC99-4DAB-A238-AAE5D00CAE07}.Release|Any CPU.ActiveCfg = Release|Any CPU
		{C52F7827-BC99-4DAB-A238-AAE5D00CAE07}.Release|Any CPU.Build.0 = Release|Any CPU
		{76065571-299E-4D64-9B5E-E1A9FC5E1550}.Debug|Any CPU.ActiveCfg = Debug|Any CPU
		{76065571-299E-4D64-9B5E-E1A9FC5E1550}.Debug|Any CPU.Build.0 = Debug|Any CPU
		{76065571-299E-4D64-9B5E-E1A9FC5E1550}.Release|Any CPU.ActiveCfg = Release|Any CPU
		{76065571-299E-4D64-9B5E-E1A9FC5E1550}.Release|Any CPU.Build.0 = Release|Any CPU
		{219BBE04-4997-4307-8AE9-0FC3390064B3}.Debug|Any CPU.ActiveCfg = Debug|Any CPU
		{219BBE04-4997-4307-8AE9-0FC3390064B3}.Debug|Any CPU.Build.0 = Debug|Any CPU
		{219BBE04-4997-4307-8AE9-0FC3390064B3}.Release|Any CPU.ActiveCfg = Release|Any CPU
		{219BBE04-4997-4307-8AE9-0FC3390064B3}.Release|Any CPU.Build.0 = Release|Any CPU
		{08BA83F6-91BB-419C-A2F7-D7B1146495D2}.Debug|Any CPU.ActiveCfg = Debug|Any CPU
		{08BA83F6-91BB-419C-A2F7-D7B1146495D2}.Debug|Any CPU.Build.0 = Debug|Any CPU
		{08BA83F6-91BB-419C-A2F7-D7B1146495D2}.Release|Any CPU.ActiveCfg = Release|Any CPU
		{08BA83F6-91BB-419C-A2F7-D7B1146495D2}.Release|Any CPU.Build.0 = Release|Any CPU
		{FEAD4B05-FB08-4D1A-B2BF-309D2D1D3B30}.Debug|Any CPU.ActiveCfg = Debug|Any CPU
		{FEAD4B05-FB08-4D1A-B2BF-309D2D1D3B30}.Debug|Any CPU.Build.0 = Debug|Any CPU
		{FEAD4B05-FB08-4D1A-B2BF-309D2D1D3B30}.Release|Any CPU.ActiveCfg = Release|Any CPU
		{FEAD4B05-FB08-4D1A-B2BF-309D2D1D3B30}.Release|Any CPU.Build.0 = Release|Any CPU
		{83DCA121-26D9-4954-B1BC-72C05A148B11}.Debug|Any CPU.ActiveCfg = Debug|Any CPU
		{83DCA121-26D9-4954-B1BC-72C05A148B11}.Debug|Any CPU.Build.0 = Debug|Any CPU
		{83DCA121-26D9-4954-B1BC-72C05A148B11}.Release|Any CPU.ActiveCfg = Release|Any CPU
		{83DCA121-26D9-4954-B1BC-72C05A148B11}.Release|Any CPU.Build.0 = Release|Any CPU
		{DC12ACB9-78AB-4759-B5E9-4B8BDFB8A8B5}.Debug|Any CPU.ActiveCfg = Debug|Any CPU
		{DC12ACB9-78AB-4759-B5E9-4B8BDFB8A8B5}.Debug|Any CPU.Build.0 = Debug|Any CPU
		{DC12ACB9-78AB-4759-B5E9-4B8BDFB8A8B5}.Release|Any CPU.ActiveCfg = Release|Any CPU
		{DC12ACB9-78AB-4759-B5E9-4B8BDFB8A8B5}.Release|Any CPU.Build.0 = Release|Any CPU
		{49404220-D5E3-487B-B428-4DC776D13DA1}.Debug|Any CPU.ActiveCfg = Debug|Any CPU
		{49404220-D5E3-487B-B428-4DC776D13DA1}.Debug|Any CPU.Build.0 = Debug|Any CPU
		{49404220-D5E3-487B-B428-4DC776D13DA1}.Release|Any CPU.ActiveCfg = Release|Any CPU
		{49404220-D5E3-487B-B428-4DC776D13DA1}.Release|Any CPU.Build.0 = Release|Any CPU
	EndGlobalSection
	GlobalSection(SolutionProperties) = preSolution
		HideSolutionNode = FALSE
	EndGlobalSection
	GlobalSection(NestedProjects) = preSolution
		{EF3C90BA-31B1-459B-8F11-882AF2E430C6} = {491199E5-5D60-495F-8222-B195C26ACBD9}
		{81673463-F5AD-4010-9D7F-A1F407EBF29C} = {20DD73A4-D58D-4BB0-9A62-6C7759FA03B2}
		{C52F7827-BC99-4DAB-A238-AAE5D00CAE07} = {491199E5-5D60-495F-8222-B195C26ACBD9}
		{76065571-299E-4D64-9B5E-E1A9FC5E1550} = {491199E5-5D60-495F-8222-B195C26ACBD9}
		{219BBE04-4997-4307-8AE9-0FC3390064B3} = {20DD73A4-D58D-4BB0-9A62-6C7759FA03B2}
		{08BA83F6-91BB-419C-A2F7-D7B1146495D2} = {0C9BAD2D-440E-4779-801B-E741E109B5B0}
		{FEAD4B05-FB08-4D1A-B2BF-309D2D1D3B30} = {491199E5-5D60-495F-8222-B195C26ACBD9}
		{83DCA121-26D9-4954-B1BC-72C05A148B11} = {20DD73A4-D58D-4BB0-9A62-6C7759FA03B2}
		{DC12ACB9-78AB-4759-B5E9-4B8BDFB8A8B5} = {20DD73A4-D58D-4BB0-9A62-6C7759FA03B2}
		{49404220-D5E3-487B-B428-4DC776D13DA1} = {20DD73A4-D58D-4BB0-9A62-6C7759FA03B2}
	EndGlobalSection
EndGlobal
